// !$*UTF8*$!
{
	archiveVersion = 1;
	classes = {
	};
	objectVersion = 77;
	objects = {

/* Begin PBXContainerItemProxy section */
		B5E368AB2D9ED217001B94C4 /* PBXContainerItemProxy */ = {
			isa = PBXContainerItemProxy;
			containerPortal = B5E368922D9ED215001B94C4 /* Project object */;
			proxyType = 1;
			remoteGlobalIDString = B5E368992D9ED215001B94C4;
			remoteInfo = 3rd_hw_SungHoCHO;
		};
		B5E368B52D9ED217001B94C4 /* PBXContainerItemProxy */ = {
			isa = PBXContainerItemProxy;
			containerPortal = B5E368922D9ED215001B94C4 /* Project object */;
			proxyType = 1;
			remoteGlobalIDString = B5E368992D9ED215001B94C4;
			remoteInfo = 3rd_hw_SungHoCHO;
		};
/* End PBXContainerItemProxy section */

/* Begin PBXFileReference section */
		B5E3689A2D9ED215001B94C4 /* 5th_HW_SungHoCHO.app */ = {isa = PBXFileReference; explicitFileType = wrapper.application; includeInIndex = 0; path = 5th_HW_SungHoCHO.app; sourceTree = BUILT_PRODUCTS_DIR; };
		B5E368AA2D9ED217001B94C4 /* 5th_HW_SungHoCHOTests.xctest */ = {isa = PBXFileReference; explicitFileType = wrapper.cfbundle; includeInIndex = 0; path = 5th_HW_SungHoCHOTests.xctest; sourceTree = BUILT_PRODUCTS_DIR; };
		B5E368B42D9ED217001B94C4 /* 5th_HW_SungHoCHOUITests.xctest */ = {isa = PBXFileReference; explicitFileType = wrapper.cfbundle; includeInIndex = 0; path = 5th_HW_SungHoCHOUITests.xctest; sourceTree = BUILT_PRODUCTS_DIR; };
/* End PBXFileReference section */

/* Begin PBXFileSystemSynchronizedRootGroup section */
		B5E3689C2D9ED215001B94C4 /* 5th_HW_SungHoCHO */ = {
			isa = PBXFileSystemSynchronizedRootGroup;
			path = 5th_HW_SungHoCHO;
			sourceTree = "<group>";
		};
		B5E368AD2D9ED217001B94C4 /* 5th_HW_SungHoCHOTests */ = {
			isa = PBXFileSystemSynchronizedRootGroup;
			path = 5th_HW_SungHoCHOTests;
			sourceTree = "<group>";
		};
		B5E368B72D9ED217001B94C4 /* 5th_HW_SungHoCHOUITests */ = {
			isa = PBXFileSystemSynchronizedRootGroup;
			path = 5th_HW_SungHoCHOUITests;
			sourceTree = "<group>";
		};
/* End PBXFileSystemSynchronizedRootGroup section */

/* Begin PBXFrameworksBuildPhase section */
		B5E368972D9ED215001B94C4 /* Frameworks */ = {
			isa = PBXFrameworksBuildPhase;
			buildActionMask = 2147483647;
			files = (
			);
			runOnlyForDeploymentPostprocessing = 0;
		};
		B5E368A72D9ED217001B94C4 /* Frameworks */ = {
			isa = PBXFrameworksBuildPhase;
			buildActionMask = 2147483647;
			files = (
			);
			runOnlyForDeploymentPostprocessing = 0;
		};
		B5E368B12D9ED217001B94C4 /* Frameworks */ = {
			isa = PBXFrameworksBuildPhase;
			buildActionMask = 2147483647;
			files = (
			);
			runOnlyForDeploymentPostprocessing = 0;
		};
/* End PBXFrameworksBuildPhase section */

/* Begin PBXGroup section */
		B5E368912D9ED215001B94C4 = {
			isa = PBXGroup;
			children = (
				B5E3689C2D9ED215001B94C4 /* 5th_HW_SungHoCHO */,
				B5E368AD2D9ED217001B94C4 /* 5th_HW_SungHoCHOTests */,
				B5E368B72D9ED217001B94C4 /* 5th_HW_SungHoCHOUITests */,
				B5E3689B2D9ED215001B94C4 /* Products */,
			);
			sourceTree = "<group>";
		};
		B5E3689B2D9ED215001B94C4 /* Products */ = {
			isa = PBXGroup;
			children = (
				B5E3689A2D9ED215001B94C4 /* 5th_HW_SungHoCHO.app */,
				B5E368AA2D9ED217001B94C4 /* 5th_HW_SungHoCHOTests.xctest */,
				B5E368B42D9ED217001B94C4 /* 5th_HW_SungHoCHOUITests.xctest */,
			);
			name = Products;
			sourceTree = "<group>";
		};
/* End PBXGroup section */

/* Begin PBXNativeTarget section */
		B5E368992D9ED215001B94C4 /* 5th_HW_SungHoCHO */ = {
			isa = PBXNativeTarget;
			buildConfigurationList = B5E368BE2D9ED217001B94C4 /* Build configuration list for PBXNativeTarget "5th_HW_SungHoCHO" */;
			buildPhases = (
				B5E368962D9ED215001B94C4 /* Sources */,
				B5E368972D9ED215001B94C4 /* Frameworks */,
				B5E368982D9ED215001B94C4 /* Resources */,
			);
			buildRules = (
			);
			dependencies = (
			);
			fileSystemSynchronizedGroups = (
				B5E3689C2D9ED215001B94C4 /* 5th_HW_SungHoCHO */,
			);
			name = 5th_HW_SungHoCHO;
			packageProductDependencies = (
			);
			productName = 3rd_hw_SungHoCHO;
			productReference = B5E3689A2D9ED215001B94C4 /* 5th_HW_SungHoCHO.app */;
			productType = "com.apple.product-type.application";
		};
		B5E368A92D9ED217001B94C4 /* 5th_HW_SungHoCHOTests */ = {
			isa = PBXNativeTarget;
			buildConfigurationList = B5E368C12D9ED217001B94C4 /* Build configuration list for PBXNativeTarget "5th_HW_SungHoCHOTests" */;
			buildPhases = (
				B5E368A62D9ED217001B94C4 /* Sources */,
				B5E368A72D9ED217001B94C4 /* Frameworks */,
				B5E368A82D9ED217001B94C4 /* Resources */,
			);
			buildRules = (
			);
			dependencies = (
				B5E368AC2D9ED217001B94C4 /* PBXTargetDependency */,
			);
			fileSystemSynchronizedGroups = (
				B5E368AD2D9ED217001B94C4 /* 5th_HW_SungHoCHOTests */,
			);
			name = 5th_HW_SungHoCHOTests;
			packageProductDependencies = (
			);
			productName = 3rd_hw_SungHoCHOTests;
			productReference = B5E368AA2D9ED217001B94C4 /* 5th_HW_SungHoCHOTests.xctest */;
			productType = "com.apple.product-type.bundle.unit-test";
		};
		B5E368B32D9ED217001B94C4 /* 5th_HW_SungHoCHOUITests */ = {
			isa = PBXNativeTarget;
			buildConfigurationList = B5E368C42D9ED217001B94C4 /* Build configuration list for PBXNativeTarget "5th_HW_SungHoCHOUITests" */;
			buildPhases = (
				B5E368B02D9ED217001B94C4 /* Sources */,
				B5E368B12D9ED217001B94C4 /* Frameworks */,
				B5E368B22D9ED217001B94C4 /* Resources */,
			);
			buildRules = (
			);
			dependencies = (
				B5E368B62D9ED217001B94C4 /* PBXTargetDependency */,
			);
			fileSystemSynchronizedGroups = (
				B5E368B72D9ED217001B94C4 /* 5th_HW_SungHoCHOUITests */,
			);
			name = 5th_HW_SungHoCHOUITests;
			packageProductDependencies = (
			);
			productName = 3rd_hw_SungHoCHOUITests;
			productReference = B5E368B42D9ED217001B94C4 /* 5th_HW_SungHoCHOUITests.xctest */;
			productType = "com.apple.product-type.bundle.ui-testing";
		};
/* End PBXNativeTarget section */

/* Begin PBXProject section */
		B5E368922D9ED215001B94C4 /* Project object */ = {
			isa = PBXProject;
			attributes = {
				BuildIndependentTargetsInParallel = 1;
				LastSwiftUpdateCheck = 1620;
				LastUpgradeCheck = 1620;
				TargetAttributes = {
					B5E368992D9ED215001B94C4 = {
						CreatedOnToolsVersion = 16.2;
					};
					B5E368A92D9ED217001B94C4 = {
						CreatedOnToolsVersion = 16.2;
						TestTargetID = B5E368992D9ED215001B94C4;
					};
					B5E368B32D9ED217001B94C4 = {
						CreatedOnToolsVersion = 16.2;
						TestTargetID = B5E368992D9ED215001B94C4;
					};
				};
			};
			buildConfigurationList = B5E368952D9ED215001B94C4 /* Build configuration list for PBXProject "5th_HW_SungHoCHO" */;
			developmentRegion = en;
			hasScannedForEncodings = 0;
			knownRegions = (
				en,
				Base,
			);
			mainGroup = B5E368912D9ED215001B94C4;
			minimizedProjectReferenceProxies = 1;
			preferredProjectObjectVersion = 77;
			productRefGroup = B5E3689B2D9ED215001B94C4 /* Products */;
			projectDirPath = "";
			projectRoot = "";
			targets = (
				B5E368992D9ED215001B94C4 /* 5th_HW_SungHoCHO */,
				B5E368A92D9ED217001B94C4 /* 5th_HW_SungHoCHOTests */,
				B5E368B32D9ED217001B94C4 /* 5th_HW_SungHoCHOUITests */,
			);
		};
/* End PBXProject section */

/* Begin PBXResourcesBuildPhase section */
		B5E368982D9ED215001B94C4 /* Resources */ = {
			isa = PBXResourcesBuildPhase;
			buildActionMask = 2147483647;
			files = (
			);
			runOnlyForDeploymentPostprocessing = 0;
		};
		B5E368A82D9ED217001B94C4 /* Resources */ = {
			isa = PBXResourcesBuildPhase;
			buildActionMask = 2147483647;
			files = (
			);
			runOnlyForDeploymentPostprocessing = 0;
		};
		B5E368B22D9ED217001B94C4 /* Resources */ = {
			isa = PBXResourcesBuildPhase;
			buildActionMask = 2147483647;
			files = (
			);
			runOnlyForDeploymentPostprocessing = 0;
		};
/* End PBXResourcesBuildPhase section */

/* Begin PBXSourcesBuildPhase section */
		B5E368962D9ED215001B94C4 /* Sources */ = {
			isa = PBXSourcesBuildPhase;
			buildActionMask = 2147483647;
			files = (
			);
			runOnlyForDeploymentPostprocessing = 0;
		};
		B5E368A62D9ED217001B94C4 /* Sources */ = {
			isa = PBXSourcesBuildPhase;
			buildActionMask = 2147483647;
			files = (
			);
			runOnlyForDeploymentPostprocessing = 0;
		};
		B5E368B02D9ED217001B94C4 /* Sources */ = {
			isa = PBXSourcesBuildPhase;
			buildActionMask = 2147483647;
			files = (
			);
			runOnlyForDeploymentPostprocessing = 0;
		};
/* End PBXSourcesBuildPhase section */

/* Begin PBXTargetDependency section */
		B5E368AC2D9ED217001B94C4 /* PBXTargetDependency */ = {
			isa = PBXTargetDependency;
			target = B5E368992D9ED215001B94C4 /* 5th_HW_SungHoCHO */;
			targetProxy = B5E368AB2D9ED217001B94C4 /* PBXContainerItemProxy */;
		};
		B5E368B62D9ED217001B94C4 /* PBXTargetDependency */ = {
			isa = PBXTargetDependency;
			target = B5E368992D9ED215001B94C4 /* 5th_HW_SungHoCHO */;
			targetProxy = B5E368B52D9ED217001B94C4 /* PBXContainerItemProxy */;
		};
/* End PBXTargetDependency section */

/* Begin XCBuildConfiguration section */
		B5E368BC2D9ED217001B94C4 /* Debug */ = {
			isa = XCBuildConfiguration;
			buildSettings = {
				ALWAYS_SEARCH_USER_PATHS = NO;
				ASSETCATALOG_COMPILER_GENERATE_SWIFT_ASSET_SYMBOL_EXTENSIONS = YES;
				CLANG_ANALYZER_NONNULL = YES;
				CLANG_ANALYZER_NUMBER_OBJECT_CONVERSION = YES_AGGRESSIVE;
				CLANG_CXX_LANGUAGE_STANDARD = "gnu++20";
				CLANG_ENABLE_MODULES = YES;
				CLANG_ENABLE_OBJC_ARC = YES;
				CLANG_ENABLE_OBJC_WEAK = YES;
				CLANG_WARN_BLOCK_CAPTURE_AUTORELEASING = YES;
				CLANG_WARN_BOOL_CONVERSION = YES;
				CLANG_WARN_COMMA = YES;
				CLANG_WARN_CONSTANT_CONVERSION = YES;
				CLANG_WARN_DEPRECATED_OBJC_IMPLEMENTATIONS = YES;
				CLANG_WARN_DIRECT_OBJC_ISA_USAGE = YES_ERROR;
				CLANG_WARN_DOCUMENTATION_COMMENTS = YES;
				CLANG_WARN_EMPTY_BODY = YES;
				CLANG_WARN_ENUM_CONVERSION = YES;
				CLANG_WARN_INFINITE_RECURSION = YES;
				CLANG_WARN_INT_CONVERSION = YES;
				CLANG_WARN_NON_LITERAL_NULL_CONVERSION = YES;
				CLANG_WARN_OBJC_IMPLICIT_RETAIN_SELF = YES;
				CLANG_WARN_OBJC_LITERAL_CONVERSION = YES;
				CLANG_WARN_OBJC_ROOT_CLASS = YES_ERROR;
				CLANG_WARN_QUOTED_INCLUDE_IN_FRAMEWORK_HEADER = YES;
				CLANG_WARN_RANGE_LOOP_ANALYSIS = YES;
				CLANG_WARN_STRICT_PROTOTYPES = YES;
				CLANG_WARN_SUSPICIOUS_MOVE = YES;
				CLANG_WARN_UNGUARDED_AVAILABILITY = YES_AGGRESSIVE;
				CLANG_WARN_UNREACHABLE_CODE = YES;
				CLANG_WARN__DUPLICATE_METHOD_MATCH = YES;
				COPY_PHASE_STRIP = NO;
				DEBUG_INFORMATION_FORMAT = dwarf;
				ENABLE_STRICT_OBJC_MSGSEND = YES;
				ENABLE_TESTABILITY = YES;
				ENABLE_USER_SCRIPT_SANDBOXING = YES;
				GCC_C_LANGUAGE_STANDARD = gnu17;
				GCC_DYNAMIC_NO_PIC = NO;
				GCC_NO_COMMON_BLOCKS = YES;
				GCC_OPTIMIZATION_LEVEL = 0;
				GCC_PREPROCESSOR_DEFINITIONS = (
					"DEBUG=1",
					"$(inherited)",
				);
				GCC_WARN_64_TO_32_BIT_CONVERSION = YES;
				GCC_WARN_ABOUT_RETURN_TYPE = YES_ERROR;
				GCC_WARN_UNDECLARED_SELECTOR = YES;
				GCC_WARN_UNINITIALIZED_AUTOS = YES_AGGRESSIVE;
				GCC_WARN_UNUSED_FUNCTION = YES;
				GCC_WARN_UNUSED_VARIABLE = YES;
				IPHONEOS_DEPLOYMENT_TARGET = 18.2;
				LOCALIZATION_PREFERS_STRING_CATALOGS = YES;
				MTL_ENABLE_DEBUG_INFO = INCLUDE_SOURCE;
				MTL_FAST_MATH = YES;
				ONLY_ACTIVE_ARCH = YES;
				SDKROOT = iphoneos;
				SWIFT_ACTIVE_COMPILATION_CONDITIONS = "DEBUG $(inherited)";
				SWIFT_OPTIMIZATION_LEVEL = "-Onone";
			};
			name = Debug;
		};
		B5E368BD2D9ED217001B94C4 /* Release */ = {
			isa = XCBuildConfiguration;
			buildSettings = {
				ALWAYS_SEARCH_USER_PATHS = NO;
				ASSETCATALOG_COMPILER_GENERATE_SWIFT_ASSET_SYMBOL_EXTENSIONS = YES;
				CLANG_ANALYZER_NONNULL = YES;
				CLANG_ANALYZER_NUMBER_OBJECT_CONVERSION = YES_AGGRESSIVE;
				CLANG_CXX_LANGUAGE_STANDARD = "gnu++20";
				CLANG_ENABLE_MODULES = YES;
				CLANG_ENABLE_OBJC_ARC = YES;
				CLANG_ENABLE_OBJC_WEAK = YES;
				CLANG_WARN_BLOCK_CAPTURE_AUTORELEASING = YES;
				CLANG_WARN_BOOL_CONVERSION = YES;
				CLANG_WARN_COMMA = YES;
				CLANG_WARN_CONSTANT_CONVERSION = YES;
				CLANG_WARN_DEPRECATED_OBJC_IMPLEMENTATIONS = YES;
				CLANG_WARN_DIRECT_OBJC_ISA_USAGE = YES_ERROR;
				CLANG_WARN_DOCUMENTATION_COMMENTS = YES;
				CLANG_WARN_EMPTY_BODY = YES;
				CLANG_WARN_ENUM_CONVERSION = YES;
				CLANG_WARN_INFINITE_RECURSION = YES;
				CLANG_WARN_INT_CONVERSION = YES;
				CLANG_WARN_NON_LITERAL_NULL_CONVERSION = YES;
				CLANG_WARN_OBJC_IMPLICIT_RETAIN_SELF = YES;
				CLANG_WARN_OBJC_LITERAL_CONVERSION = YES;
				CLANG_WARN_OBJC_ROOT_CLASS = YES_ERROR;
				CLANG_WARN_QUOTED_INCLUDE_IN_FRAMEWORK_HEADER = YES;
				CLANG_WARN_RANGE_LOOP_ANALYSIS = YES;
				CLANG_WARN_STRICT_PROTOTYPES = YES;
				CLANG_WARN_SUSPICIOUS_MOVE = YES;
				CLANG_WARN_UNGUARDED_AVAILABILITY = YES_AGGRESSIVE;
				CLANG_WARN_UNREACHABLE_CODE = YES;
				CLANG_WARN__DUPLICATE_METHOD_MATCH = YES;
				COPY_PHASE_STRIP = NO;
				DEBUG_INFORMATION_FORMAT = "dwarf-with-dsym";
				ENABLE_NS_ASSERTIONS = NO;
				ENABLE_STRICT_OBJC_MSGSEND = YES;
				ENABLE_USER_SCRIPT_SANDBOXING = YES;
				GCC_C_LANGUAGE_STANDARD = gnu17;
				GCC_NO_COMMON_BLOCKS = YES;
				GCC_WARN_64_TO_32_BIT_CONVERSION = YES;
				GCC_WARN_ABOUT_RETURN_TYPE = YES_ERROR;
				GCC_WARN_UNDECLARED_SELECTOR = YES;
				GCC_WARN_UNINITIALIZED_AUTOS = YES_AGGRESSIVE;
				GCC_WARN_UNUSED_FUNCTION = YES;
				GCC_WARN_UNUSED_VARIABLE = YES;
				IPHONEOS_DEPLOYMENT_TARGET = 18.2;
				LOCALIZATION_PREFERS_STRING_CATALOGS = YES;
				MTL_ENABLE_DEBUG_INFO = NO;
				MTL_FAST_MATH = YES;
				SDKROOT = iphoneos;
				SWIFT_COMPILATION_MODE = wholemodule;
				VALIDATE_PRODUCT = YES;
			};
			name = Release;
		};
		B5E368BF2D9ED217001B94C4 /* Debug */ = {
			isa = XCBuildConfiguration;
			buildSettings = {
				ASSETCATALOG_COMPILER_APPICON_NAME = AppIcon;
				ASSETCATALOG_COMPILER_GLOBAL_ACCENT_COLOR_NAME = AccentColor;
				CODE_SIGN_STYLE = Automatic;
				CURRENT_PROJECT_VERSION = 1;
				DEVELOPMENT_ASSET_PATHS = "\"5th_HW_SungHoCHO/Preview Content\"";
				DEVELOPMENT_TEAM = UCWR6AW3FG;
				ENABLE_PREVIEWS = YES;
				GENERATE_INFOPLIST_FILE = YES;
				INFOPLIST_KEY_UIApplicationSceneManifest_Generation = YES;
				INFOPLIST_KEY_UIApplicationSupportsIndirectInputEvents = YES;
				INFOPLIST_KEY_UILaunchScreen_Generation = YES;
				INFOPLIST_KEY_UISupportedInterfaceOrientations_iPad = "UIInterfaceOrientationPortrait UIInterfaceOrientationPortraitUpsideDown UIInterfaceOrientationLandscapeLeft UIInterfaceOrientationLandscapeRight";
				INFOPLIST_KEY_UISupportedInterfaceOrientations_iPhone = "UIInterfaceOrientationPortrait UIInterfaceOrientationLandscapeLeft UIInterfaceOrientationLandscapeRight";
				LD_RUNPATH_SEARCH_PATHS = (
					"$(inherited)",
					"@executable_path/Frameworks",
				);
				MARKETING_VERSION = 1.0;
				PRODUCT_BUNDLE_IDENTIFIER = "com.Lucid.-rd-hw-SungHoCHO";
				PRODUCT_NAME = "$(TARGET_NAME)";
				SWIFT_EMIT_LOC_STRINGS = YES;
				SWIFT_VERSION = 5.0;
				TARGETED_DEVICE_FAMILY = "1,2";
			};
			name = Debug;
		};
		B5E368C02D9ED217001B94C4 /* Release */ = {
			isa = XCBuildConfiguration;
			buildSettings = {
				ASSETCATALOG_COMPILER_APPICON_NAME = AppIcon;
				ASSETCATALOG_COMPILER_GLOBAL_ACCENT_COLOR_NAME = AccentColor;
				CODE_SIGN_STYLE = Automatic;
				CURRENT_PROJECT_VERSION = 1;
				DEVELOPMENT_ASSET_PATHS = "\"5th_HW_SungHoCHO/Preview Content\"";
				DEVELOPMENT_TEAM = UCWR6AW3FG;
				ENABLE_PREVIEWS = YES;
				GENERATE_INFOPLIST_FILE = YES;
				INFOPLIST_KEY_UIApplicationSceneManifest_Generation = YES;
				INFOPLIST_KEY_UIApplicationSupportsIndirectInputEvents = YES;
				INFOPLIST_KEY_UILaunchScreen_Generation = YES;
				INFOPLIST_KEY_UISupportedInterfaceOrientations_iPad = "UIInterfaceOrientationPortrait UIInterfaceOrientationPortraitUpsideDown UIInterfaceOrientationLandscapeLeft UIInterfaceOrientationLandscapeRight";
				INFOPLIST_KEY_UISupportedInterfaceOrientations_iPhone = "UIInterfaceOrientationPortrait UIInterfaceOrientationLandscapeLeft UIInterfaceOrientationLandscapeRight";
				LD_RUNPATH_SEARCH_PATHS = (
					"$(inherited)",
					"@executable_path/Frameworks",
				);
				MARKETING_VERSION = 1.0;
				PRODUCT_BUNDLE_IDENTIFIER = "com.Lucid.-rd-hw-SungHoCHO";
				PRODUCT_NAME = "$(TARGET_NAME)";
				SWIFT_EMIT_LOC_STRINGS = YES;
				SWIFT_VERSION = 5.0;
				TARGETED_DEVICE_FAMILY = "1,2";
			};
			name = Release;
		};
		B5E368C22D9ED217001B94C4 /* Debug */ = {
			isa = XCBuildConfiguration;
			buildSettings = {
				BUNDLE_LOADER = "$(TEST_HOST)";
				CODE_SIGN_STYLE = Automatic;
				CURRENT_PROJECT_VERSION = 1;
				DEVELOPMENT_TEAM = UCWR6AW3FG;
				GENERATE_INFOPLIST_FILE = YES;
				IPHONEOS_DEPLOYMENT_TARGET = 18.2;
				MARKETING_VERSION = 1.0;
				PRODUCT_BUNDLE_IDENTIFIER = "com.Lucid.-rd-hw-SungHoCHOTests";
				PRODUCT_NAME = "$(TARGET_NAME)";
				SWIFT_EMIT_LOC_STRINGS = NO;
				SWIFT_VERSION = 5.0;
				TARGETED_DEVICE_FAMILY = "1,2";
				TEST_HOST = "$(BUILT_PRODUCTS_DIR)/5th_HW_SungHoCHO.app/$(BUNDLE_EXECUTABLE_FOLDER_PATH)/5th_HW_SungHoCHO";
			};
			name = Debug;
		};
		B5E368C32D9ED217001B94C4 /* Release */ = {
			isa = XCBuildConfiguration;
			buildSettings = {
				BUNDLE_LOADER = "$(TEST_HOST)";
				CODE_SIGN_STYLE = Automatic;
				CURRENT_PROJECT_VERSION = 1;
				DEVELOPMENT_TEAM = UCWR6AW3FG;
				GENERATE_INFOPLIST_FILE = YES;
				IPHONEOS_DEPLOYMENT_TARGET = 18.2;
				MARKETING_VERSION = 1.0;
				PRODUCT_BUNDLE_IDENTIFIER = "com.Lucid.-rd-hw-SungHoCHOTests";
				PRODUCT_NAME = "$(TARGET_NAME)";
				SWIFT_EMIT_LOC_STRINGS = NO;
				SWIFT_VERSION = 5.0;
				TARGETED_DEVICE_FAMILY = "1,2";
				TEST_HOST = "$(BUILT_PRODUCTS_DIR)/5th_HW_SungHoCHO.app/$(BUNDLE_EXECUTABLE_FOLDER_PATH)/5th_HW_SungHoCHO";
			};
			name = Release;
		};
		B5E368C52D9ED217001B94C4 /* Debug */ = {
			isa = XCBuildConfiguration;
			buildSettings = {
				CODE_SIGN_STYLE = Automatic;
				CURRENT_PROJECT_VERSION = 1;
				DEVELOPMENT_TEAM = UCWR6AW3FG;
				GENERATE_INFOPLIST_FILE = YES;
				MARKETING_VERSION = 1.0;
				PRODUCT_BUNDLE_IDENTIFIER = "com.Lucid.-rd-hw-SungHoCHOUITests";
				PRODUCT_NAME = "$(TARGET_NAME)";
				SWIFT_EMIT_LOC_STRINGS = NO;
				SWIFT_VERSION = 5.0;
				TARGETED_DEVICE_FAMILY = "1,2";
				TEST_TARGET_NAME = 3rd_hw_SungHoCHO;
			};
			name = Debug;
		};
		B5E368C62D9ED217001B94C4 /* Release */ = {
			isa = XCBuildConfiguration;
			buildSettings = {
				CODE_SIGN_STYLE = Automatic;
				CURRENT_PROJECT_VERSION = 1;
				DEVELOPMENT_TEAM = UCWR6AW3FG;
				GENERATE_INFOPLIST_FILE = YES;
				MARKETING_VERSION = 1.0;
				PRODUCT_BUNDLE_IDENTIFIER = "com.Lucid.-rd-hw-SungHoCHOUITests";
				PRODUCT_NAME = "$(TARGET_NAME)";
				SWIFT_EMIT_LOC_STRINGS = NO;
				SWIFT_VERSION = 5.0;
				TARGETED_DEVICE_FAMILY = "1,2";
				TEST_TARGET_NAME = 3rd_hw_SungHoCHO;
			};
			name = Release;
		};
/* End XCBuildConfiguration section */

/* Begin XCConfigurationList section */
		B5E368952D9ED215001B94C4 /* Build configuration list for PBXProject "5th_HW_SungHoCHO" */ = {
			isa = XCConfigurationList;
			buildConfigurations = (
				B5E368BC2D9ED217001B94C4 /* Debug */,
				B5E368BD2D9ED217001B94C4 /* Release */,
			);
			defaultConfigurationIsVisible = 0;
			defaultConfigurationName = Release;
		};
		B5E368BE2D9ED217001B94C4 /* Build configuration list for PBXNativeTarget "5th_HW_SungHoCHO" */ = {
			isa = XCConfigurationList;
			buildConfigurations = (
				B5E368BF2D9ED217001B94C4 /* Debug */,
				B5E368C02D9ED217001B94C4 /* Release */,
			);
			defaultConfigurationIsVisible = 0;
			defaultConfigurationName = Release;
		};
		B5E368C12D9ED217001B94C4 /* Build configuration list for PBXNativeTarget "5th_HW_SungHoCHOTests" */ = {
			isa = XCConfigurationList;
			buildConfigurations = (
				B5E368C22D9ED217001B94C4 /* Debug */,
				B5E368C32D9ED217001B94C4 /* Release */,
			);
			defaultConfigurationIsVisible = 0;
			defaultConfigurationName = Release;
		};
		B5E368C42D9ED217001B94C4 /* Build configuration list for PBXNativeTarget "5th_HW_SungHoCHOUITests" */ = {
			isa = XCConfigurationList;
			buildConfigurations = (
				B5E368C52D9ED217001B94C4 /* Debug */,
				B5E368C62D9ED217001B94C4 /* Release */,
			);
			defaultConfigurationIsVisible = 0;
			defaultConfigurationName = Release;
		};
/* End XCConfigurationList section */
	};
	rootObject = B5E368922D9ED215001B94C4 /* Project object */;
}
